
Microsoft Visual Studio Solution File, Format Version 12.00
# Visual Studio Version 17
VisualStudioVersion = 17.5.33516.290
MinimumVisualStudioVersion = 10.0.40219.1
Project("{9A19103F-16F7-4668-BE54-9A1E7A4F7556}") = "asymetric", "console_simple_demo\asymetric.csproj", "{400DEB55-BAE3-4433-87F5-55C192654B3B}"
EndProject
Project("{D954291E-2A0B-460D-934E-DC6B0785DB48}") = "dbjcore", "..\dbjcore\dbjcore.shproj", "{036CB2CD-FB71-4EB6-B3BF-660DC1CFEA41}"
EndProject
Global
	GlobalSection(SolutionConfigurationPlatforms) = preSolution
		Debug|Any CPU = Debug|Any CPU
		Release|Any CPU = Release|Any CPU
	EndGlobalSection
	GlobalSection(ProjectConfigurationPlatforms) = postSolution
		{400DEB55-BAE3-4433-87F5-55C192654B3B}.Debug|Any CPU.ActiveCfg = Debug|Any CPU
		{400DEB55-BAE3-4433-87F5-55C192654B3B}.Debug|Any CPU.Build.0 = Debug|Any CPU
		{400DEB55-BAE3-4433-87F5-55C192654B3B}.Release|Any CPU.ActiveCfg = Release|Any CPU
		{400DEB55-BAE3-4433-87F5-55C192654B3B}.Release|Any CPU.Build.0 = Release|Any CPU
	EndGlobalSection
	GlobalSection(SolutionProperties) = preSolution
		HideSolutionNode = FALSE
	EndGlobalSection
	GlobalSection(ExtensibilityGlobals) = postSolution
		SolutionGuid = {ED41A4D5-6154-44F4-BAE1-9DB7217FC010}
	EndGlobalSection
	GlobalSection(SharedMSBuildProjectFiles) = preSolution
		..\dbjcore\dbjcore.projitems*{036cb2cd-fb71-4eb6-b3bf-660dc1cfea41}*SharedItemsImports = 13
		..\dbjcore\dbjcore.projitems*{400deb55-bae3-4433-87f5-55c192654b3b}*SharedItemsImports = 5
	EndGlobalSection
EndGlobal
